
Microsoft Visual Studio Solution File, Format Version 12.00
# Visual Studio 2012
Project("{8BC9CEB8-8B4A-11D0-8D11-00A0C91BC942}") = "ReadMat", "ReadMat\ReadMat.vcxproj", "{22F7AC15-3C0B-438C-AEDF-50A177ADE1A2}"
EndProject
Global
	GlobalSection(SolutionConfigurationPlatforms) = preSolution
		Debug|Win32 = Debug|Win32
		Release|Win32 = Release|Win32
	EndGlobalSection
	GlobalSection(ProjectConfigurationPlatforms) = postSolution
		{22F7AC15-3C0B-438C-AEDF-50A177ADE1A2}.Debug|Win32.ActiveCfg = Debug|Win32
		{22F7AC15-3C0B-438C-AEDF-50A177ADE1A2}.Debug|Win32.Build.0 = Debug|Win32
		{22F7AC15-3C0B-438C-AEDF-50A177ADE1A2}.Release|Win32.ActiveCfg = Release|Win32
		{22F7AC15-3C0B-438C-AEDF-50A177ADE1A2}.Release|Win32.Build.0 = Release|Win32
	EndGlobalSection
	GlobalSection(SolutionProperties) = preSolution
		HideSolutionNode = FALSE
	EndGlobalSection
EndGlobal
